// !$*UTF8*$!
{
	archiveVersion = 1;
	classes = {
	};
	objectVersion = 46;
	objects = {

/* Begin PBXBuildFile section */
		777C9DEE1662B7E800B8C94E /* OCHamcrestIOS.framework in Frameworks */ = {isa = PBXBuildFile; fileRef = 777C9DED1662B7E800B8C94E /* OCHamcrestIOS.framework */; };
		777C9DF01662B81B00B8C94E /* OCHamcrestIOS.framework in Frameworks */ = {isa = PBXBuildFile; fileRef = 777C9DED1662B7E800B8C94E /* OCHamcrestIOS.framework */; };
		777C9E121662D1CB00B8C94E /* OCMockitoIOS.framework in Frameworks */ = {isa = PBXBuildFile; fileRef = 777C9E111662D1CB00B8C94E /* OCMockitoIOS.framework */; };
		77B19EDB16604FB30098DAC5 /* UIKit.framework in Frameworks */ = {isa = PBXBuildFile; fileRef = 77B19EDA16604FB30098DAC5 /* UIKit.framework */; };
		77B19EDD16604FB30098DAC5 /* Foundation.framework in Frameworks */ = {isa = PBXBuildFile; fileRef = 77B19EDC16604FB30098DAC5 /* Foundation.framework */; };
		77B19EDF16604FB30098DAC5 /* CoreGraphics.framework in Frameworks */ = {isa = PBXBuildFile; fileRef = 77B19EDE16604FB30098DAC5 /* CoreGraphics.framework */; };
		77B19EE516604FB30098DAC5 /* InfoPlist.strings in Resources */ = {isa = PBXBuildFile; fileRef = 77B19EE316604FB30098DAC5 /* InfoPlist.strings */; };
		77B19EE716604FB30098DAC5 /* main.m in Sources */ = {isa = PBXBuildFile; fileRef = 77B19EE616604FB30098DAC5 /* main.m */; };
		77B19EEB16604FB30098DAC5 /* AppDelegate.m in Sources */ = {isa = PBXBuildFile; fileRef = 77B19EEA16604FB30098DAC5 /* AppDelegate.m */; };
		77B19EED16604FB30098DAC5 /* Default.png in Resources */ = {isa = PBXBuildFile; fileRef = 77B19EEC16604FB30098DAC5 /* Default.png */; };
		77B19EEF16604FB30098DAC5 /* Default@2x.png in Resources */ = {isa = PBXBuildFile; fileRef = 77B19EEE16604FB30098DAC5 /* Default@2x.png */; };
		77B19EF116604FB30098DAC5 /* Default-568h@2x.png in Resources */ = {isa = PBXBuildFile; fileRef = 77B19EF016604FB30098DAC5 /* Default-568h@2x.png */; };
		77B19EF916604FB40098DAC5 /* SenTestingKit.framework in Frameworks */ = {isa = PBXBuildFile; fileRef = 77B19EF816604FB40098DAC5 /* SenTestingKit.framework */; };
		77B19EFA16604FB40098DAC5 /* UIKit.framework in Frameworks */ = {isa = PBXBuildFile; fileRef = 77B19EDA16604FB30098DAC5 /* UIKit.framework */; };
		77B19EFB16604FB40098DAC5 /* Foundation.framework in Frameworks */ = {isa = PBXBuildFile; fileRef = 77B19EDC16604FB30098DAC5 /* Foundation.framework */; };
		77B19F0316604FB40098DAC5 /* InfoPlist.strings in Resources */ = {isa = PBXBuildFile; fileRef = 77B19F0116604FB40098DAC5 /* InfoPlist.strings */; };
		77B19F0616604FB40098DAC5 /* ShowMeHamcrest.m in Sources */ = {isa = PBXBuildFile; fileRef = 77B19F0516604FB40098DAC5 /* ShowMeHamcrest.m */; };
		B4B0D164D4657E68414E6282 /* Speedboat.m in Sources */ = {isa = PBXBuildFile; fileRef = B4B0D839BA92175D3D4F9D74 /* Speedboat.m */; };
		B4B0D58A6E515D12D57F5F94 /* TheMatcher.m in Sources */ = {isa = PBXBuildFile; fileRef = B4B0D91042C68FFA800C7486 /* TheMatcher.m */; };
		B4B0D5962C0B80F0010BD249 /* Vehicle.m in Sources */ = {isa = PBXBuildFile; fileRef = B4B0D42924284B0314AFA27E /* Vehicle.m */; };
		B4B0D5A2D1A50706C333174D /* Mercedes.m in Sources */ = {isa = PBXBuildFile; fileRef = B4B0D9462E4EE21BBCFF4F9A /* Mercedes.m */; };
		B4B0D6129428319229F3E975 /* ShowMeMockito.m in Sources */ = {isa = PBXBuildFile; fileRef = B4B0D33FAF93EDC6B44204A7 /* ShowMeMockito.m */; };
		B4B0DB7B67A34C4986403F43 /* TheMatcher.m in Sources */ = {isa = PBXBuildFile; fileRef = B4B0D91042C68FFA800C7486 /* TheMatcher.m */; };
		B4B0DE879AC30F93189A539F /* HasWheelsMatcher.m in Sources */ = {isa = PBXBuildFile; fileRef = B4B0D36D27E3C5E2F91FB0D8 /* HasWheelsMatcher.m */; };
/* End PBXBuildFile section */

/* Begin PBXContainerItemProxy section */
		77B19EFC16604FB40098DAC5 /* PBXContainerItemProxy */ = {
			isa = PBXContainerItemProxy;
			containerPortal = 77B19ECD16604FB30098DAC5 /* Project object */;
			proxyType = 1;
			remoteGlobalIDString = 77B19ED516604FB30098DAC5;
			remoteInfo = code;
		};
/* End PBXContainerItemProxy section */

/* Begin PBXFileReference section */
		777C9DED1662B7E800B8C94E /* OCHamcrestIOS.framework */ = {isa = PBXFileReference; lastKnownFileType = wrapper.framework; name = OCHamcrestIOS.framework; path = "../../../../../Downloads/OCHamcrest-1.8/OCHamcrestIOS.framework"; sourceTree = "<group>"; };
		777C9E111662D1CB00B8C94E /* OCMockitoIOS.framework */ = {isa = PBXFileReference; lastKnownFileType = wrapper.framework; name = OCMockitoIOS.framework; path = "../../../../../Downloads/OCMockito-0.23/OCMockitoIOS.framework"; sourceTree = "<group>"; };
		77B19ED616604FB30098DAC5 /* code.app */ = {isa = PBXFileReference; explicitFileType = wrapper.application; includeInIndex = 0; path = code.app; sourceTree = BUILT_PRODUCTS_DIR; };
		77B19EDA16604FB30098DAC5 /* UIKit.framework */ = {isa = PBXFileReference; lastKnownFileType = wrapper.framework; name = UIKit.framework; path = System/Library/Frameworks/UIKit.framework; sourceTree = SDKROOT; };
		77B19EDC16604FB30098DAC5 /* Foundation.framework */ = {isa = PBXFileReference; lastKnownFileType = wrapper.framework; name = Foundation.framework; path = System/Library/Frameworks/Foundation.framework; sourceTree = SDKROOT; };
		77B19EDE16604FB30098DAC5 /* CoreGraphics.framework */ = {isa = PBXFileReference; lastKnownFileType = wrapper.framework; name = CoreGraphics.framework; path = System/Library/Frameworks/CoreGraphics.framework; sourceTree = SDKROOT; };
		77B19EE216604FB30098DAC5 /* code-Info.plist */ = {isa = PBXFileReference; lastKnownFileType = text.plist.xml; path = "code-Info.plist"; sourceTree = "<group>"; };
		77B19EE416604FB30098DAC5 /* en */ = {isa = PBXFileReference; lastKnownFileType = text.plist.strings; name = en; path = en.lproj/InfoPlist.strings; sourceTree = "<group>"; };
		77B19EE616604FB30098DAC5 /* main.m */ = {isa = PBXFileReference; lastKnownFileType = sourcecode.c.objc; path = main.m; sourceTree = "<group>"; };
		77B19EE816604FB30098DAC5 /* code-Prefix.pch */ = {isa = PBXFileReference; lastKnownFileType = sourcecode.c.h; path = "code-Prefix.pch"; sourceTree = "<group>"; };
		77B19EE916604FB30098DAC5 /* AppDelegate.h */ = {isa = PBXFileReference; lastKnownFileType = sourcecode.c.h; path = AppDelegate.h; sourceTree = "<group>"; };
		77B19EEA16604FB30098DAC5 /* AppDelegate.m */ = {isa = PBXFileReference; lastKnownFileType = sourcecode.c.objc; path = AppDelegate.m; sourceTree = "<group>"; };
		77B19EEC16604FB30098DAC5 /* Default.png */ = {isa = PBXFileReference; lastKnownFileType = image.png; path = Default.png; sourceTree = "<group>"; };
		77B19EEE16604FB30098DAC5 /* Default@2x.png */ = {isa = PBXFileReference; lastKnownFileType = image.png; path = "Default@2x.png"; sourceTree = "<group>"; };
		77B19EF016604FB30098DAC5 /* Default-568h@2x.png */ = {isa = PBXFileReference; lastKnownFileType = image.png; path = "Default-568h@2x.png"; sourceTree = "<group>"; };
		77B19EF716604FB40098DAC5 /* codeTests.octest */ = {isa = PBXFileReference; explicitFileType = wrapper.cfbundle; includeInIndex = 0; path = codeTests.octest; sourceTree = BUILT_PRODUCTS_DIR; };
		77B19EF816604FB40098DAC5 /* SenTestingKit.framework */ = {isa = PBXFileReference; lastKnownFileType = wrapper.framework; name = SenTestingKit.framework; path = Library/Frameworks/SenTestingKit.framework; sourceTree = DEVELOPER_DIR; };
		77B19F0016604FB40098DAC5 /* codeTests-Info.plist */ = {isa = PBXFileReference; lastKnownFileType = text.plist.xml; path = "codeTests-Info.plist"; sourceTree = "<group>"; };
		77B19F0216604FB40098DAC5 /* en */ = {isa = PBXFileReference; lastKnownFileType = text.plist.strings; name = en; path = en.lproj/InfoPlist.strings; sourceTree = "<group>"; };
		77B19F0416604FB40098DAC5 /* ShowMeHamcrest.h */ = {isa = PBXFileReference; lastKnownFileType = sourcecode.c.h; path = ShowMeHamcrest.h; sourceTree = "<group>"; };
		77B19F0516604FB40098DAC5 /* ShowMeHamcrest.m */ = {isa = PBXFileReference; lastKnownFileType = sourcecode.c.objc; path = ShowMeHamcrest.m; sourceTree = "<group>"; };
		B4B0D33FAF93EDC6B44204A7 /* ShowMeMockito.m */ = {isa = PBXFileReference; fileEncoding = 4; lastKnownFileType = sourcecode.c.objc; path = ShowMeMockito.m; sourceTree = "<group>"; };
		B4B0D36D27E3C5E2F91FB0D8 /* HasWheelsMatcher.m */ = {isa = PBXFileReference; fileEncoding = 4; lastKnownFileType = sourcecode.c.objc; path = HasWheelsMatcher.m; sourceTree = "<group>"; };
		B4B0D419532AF8465099861A /* Speedboat.h */ = {isa = PBXFileReference; fileEncoding = 4; lastKnownFileType = sourcecode.c.h; path = Speedboat.h; sourceTree = "<group>"; };
		B4B0D42924284B0314AFA27E /* Vehicle.m */ = {isa = PBXFileReference; fileEncoding = 4; lastKnownFileType = sourcecode.c.objc; path = Vehicle.m; sourceTree = "<group>"; };
		B4B0D502F3995427AF9680BA /* Mercedes.h */ = {isa = PBXFileReference; fileEncoding = 4; lastKnownFileType = sourcecode.c.h; path = Mercedes.h; sourceTree = "<group>"; };
		B4B0D5778121DD5EDE96E96D /* Vehicle.h */ = {isa = PBXFileReference; fileEncoding = 4; lastKnownFileType = sourcecode.c.h; path = Vehicle.h; sourceTree = "<group>"; };
		B4B0D740DE6D127E49278781 /* HasWheelsMatcher.h */ = {isa = PBXFileReference; fileEncoding = 4; lastKnownFileType = sourcecode.c.h; path = HasWheelsMatcher.h; sourceTree = "<group>"; };
		B4B0D839BA92175D3D4F9D74 /* Speedboat.m */ = {isa = PBXFileReference; fileEncoding = 4; lastKnownFileType = sourcecode.c.objc; path = Speedboat.m; sourceTree = "<group>"; };
		B4B0D8863A63B18D0A847119 /* ShowMeMockito.h */ = {isa = PBXFileReference; fileEncoding = 4; lastKnownFileType = sourcecode.c.h; path = ShowMeMockito.h; sourceTree = "<group>"; };
		B4B0D91042C68FFA800C7486 /* TheMatcher.m */ = {isa = PBXFileReference; fileEncoding = 4; lastKnownFileType = sourcecode.c.objc; path = TheMatcher.m; sourceTree = "<group>"; };
		B4B0D9462E4EE21BBCFF4F9A /* Mercedes.m */ = {isa = PBXFileReference; fileEncoding = 4; lastKnownFileType = sourcecode.c.objc; path = Mercedes.m; sourceTree = "<group>"; };
		B4B0DF0369644B168B2E9C20 /* TheMatcher.h */ = {isa = PBXFileReference; fileEncoding = 4; lastKnownFileType = sourcecode.c.h; path = TheMatcher.h; sourceTree = "<group>"; };
/* End PBXFileReference section */

/* Begin PBXFrameworksBuildPhase section */
		77B19ED316604FB30098DAC5 /* Frameworks */ = {
			isa = PBXFrameworksBuildPhase;
			buildActionMask = 2147483647;
			files = (
				77B19EDB16604FB30098DAC5 /* UIKit.framework in Frameworks */,
				77B19EDD16604FB30098DAC5 /* Foundation.framework in Frameworks */,
				77B19EDF16604FB30098DAC5 /* CoreGraphics.framework in Frameworks */,
				777C9DEE1662B7E800B8C94E /* OCHamcrestIOS.framework in Frameworks */,
			);
			runOnlyForDeploymentPostprocessing = 0;
		};
		77B19EF316604FB40098DAC5 /* Frameworks */ = {
			isa = PBXFrameworksBuildPhase;
			buildActionMask = 2147483647;
			files = (
				77B19EF916604FB40098DAC5 /* SenTestingKit.framework in Frameworks */,
				77B19EFA16604FB40098DAC5 /* UIKit.framework in Frameworks */,
				77B19EFB16604FB40098DAC5 /* Foundation.framework in Frameworks */,
				777C9DF01662B81B00B8C94E /* OCHamcrestIOS.framework in Frameworks */,
				777C9E121662D1CB00B8C94E /* OCMockitoIOS.framework in Frameworks */,
			);
			runOnlyForDeploymentPostprocessing = 0;
		};
/* End PBXFrameworksBuildPhase section */

/* Begin PBXGroup section */
		777C9BD61662A28200B8C94E /* Externals */ = {
			isa = PBXGroup;
			children = (
				777C9E111662D1CB00B8C94E /* OCMockitoIOS.framework */,
				777C9DED1662B7E800B8C94E /* OCHamcrestIOS.framework */,
			);
			name = Externals;
			sourceTree = "<group>";
		};
		77B19ECB16604FB30098DAC5 = {
			isa = PBXGroup;
			children = (
				777C9BD61662A28200B8C94E /* Externals */,
				77B19EE016604FB30098DAC5 /* code */,
				77B19EFE16604FB40098DAC5 /* codeTests */,
				77B19ED916604FB30098DAC5 /* Frameworks */,
				77B19ED716604FB30098DAC5 /* Products */,
			);
			sourceTree = "<group>";
		};
		77B19ED716604FB30098DAC5 /* Products */ = {
			isa = PBXGroup;
			children = (
				77B19ED616604FB30098DAC5 /* code.app */,
				77B19EF716604FB40098DAC5 /* codeTests.octest */,
			);
			name = Products;
			sourceTree = "<group>";
		};
		77B19ED916604FB30098DAC5 /* Frameworks */ = {
			isa = PBXGroup;
			children = (
				77B19EDA16604FB30098DAC5 /* UIKit.framework */,
				77B19EDC16604FB30098DAC5 /* Foundation.framework */,
				77B19EDE16604FB30098DAC5 /* CoreGraphics.framework */,
				77B19EF816604FB40098DAC5 /* SenTestingKit.framework */,
			);
			name = Frameworks;
			sourceTree = "<group>";
		};
		77B19EE016604FB30098DAC5 /* code */ = {
			isa = PBXGroup;
			children = (
				77B19EE916604FB30098DAC5 /* AppDelegate.h */,
				77B19EEA16604FB30098DAC5 /* AppDelegate.m */,
				77B19EE116604FB30098DAC5 /* Supporting Files */,
				B4B0D42924284B0314AFA27E /* Vehicle.m */,
				B4B0D5778121DD5EDE96E96D /* Vehicle.h */,
				B4B0D9462E4EE21BBCFF4F9A /* Mercedes.m */,
				B4B0D502F3995427AF9680BA /* Mercedes.h */,
				B4B0D419532AF8465099861A /* Speedboat.h */,
				B4B0D839BA92175D3D4F9D74 /* Speedboat.m */,
				B4B0D36D27E3C5E2F91FB0D8 /* HasWheelsMatcher.m */,
				B4B0D740DE6D127E49278781 /* HasWheelsMatcher.h */,
				B4B0D91042C68FFA800C7486 /* TheMatcher.m */,
				B4B0DF0369644B168B2E9C20 /* TheMatcher.h */,
			);
			path = code;
			sourceTree = "<group>";
		};
		77B19EE116604FB30098DAC5 /* Supporting Files */ = {
			isa = PBXGroup;
			children = (
				77B19EE216604FB30098DAC5 /* code-Info.plist */,
				77B19EE316604FB30098DAC5 /* InfoPlist.strings */,
				77B19EE616604FB30098DAC5 /* main.m */,
				77B19EE816604FB30098DAC5 /* code-Prefix.pch */,
				77B19EEC16604FB30098DAC5 /* Default.png */,
				77B19EEE16604FB30098DAC5 /* Default@2x.png */,
				77B19EF016604FB30098DAC5 /* Default-568h@2x.png */,
			);
			name = "Supporting Files";
			sourceTree = "<group>";
		};
		77B19EFE16604FB40098DAC5 /* codeTests */ = {
			isa = PBXGroup;
			children = (
				77B19F0416604FB40098DAC5 /* ShowMeHamcrest.h */,
				77B19F0516604FB40098DAC5 /* ShowMeHamcrest.m */,
				77B19EFF16604FB40098DAC5 /* Supporting Files */,
				B4B0D33FAF93EDC6B44204A7 /* ShowMeMockito.m */,
				B4B0D8863A63B18D0A847119 /* ShowMeMockito.h */,
			);
			path = codeTests;
			sourceTree = "<group>";
		};
		77B19EFF16604FB40098DAC5 /* Supporting Files */ = {
			isa = PBXGroup;
			children = (
				77B19F0016604FB40098DAC5 /* codeTests-Info.plist */,
				77B19F0116604FB40098DAC5 /* InfoPlist.strings */,
			);
			name = "Supporting Files";
			sourceTree = "<group>";
		};
/* End PBXGroup section */

/* Begin PBXNativeTarget section */
		77B19ED516604FB30098DAC5 /* code */ = {
			isa = PBXNativeTarget;
			buildConfigurationList = 77B19F0916604FB40098DAC5 /* Build configuration list for PBXNativeTarget "code" */;
			buildPhases = (
				77B19ED216604FB30098DAC5 /* Sources */,
				77B19ED316604FB30098DAC5 /* Frameworks */,
				77B19ED416604FB30098DAC5 /* Resources */,
			);
			buildRules = (
			);
			dependencies = (
			);
			name = code;
			productName = code;
			productReference = 77B19ED616604FB30098DAC5 /* code.app */;
			productType = "com.apple.product-type.application";
		};
		77B19EF616604FB40098DAC5 /* codeTests */ = {
			isa = PBXNativeTarget;
			buildConfigurationList = 77B19F0C16604FB40098DAC5 /* Build configuration list for PBXNativeTarget "codeTests" */;
			buildPhases = (
				77B19EF216604FB40098DAC5 /* Sources */,
				77B19EF316604FB40098DAC5 /* Frameworks */,
				77B19EF416604FB40098DAC5 /* Resources */,
				77B19EF516604FB40098DAC5 /* ShellScript */,
			);
			buildRules = (
			);
			dependencies = (
				77B19EFD16604FB40098DAC5 /* PBXTargetDependency */,
			);
			name = codeTests;
			productName = codeTests;
			productReference = 77B19EF716604FB40098DAC5 /* codeTests.octest */;
			productType = "com.apple.product-type.bundle";
		};
/* End PBXNativeTarget section */

/* Begin PBXProject section */
		77B19ECD16604FB30098DAC5 /* Project object */ = {
			isa = PBXProject;
			attributes = {
				LastUpgradeCheck = 0450;
				ORGANIZATIONNAME = Judoole;
			};
			buildConfigurationList = 77B19ED016604FB30098DAC5 /* Build configuration list for PBXProject "code" */;
			compatibilityVersion = "Xcode 3.2";
			developmentRegion = English;
			hasScannedForEncodings = 0;
			knownRegions = (
				en,
			);
			mainGroup = 77B19ECB16604FB30098DAC5;
			productRefGroup = 77B19ED716604FB30098DAC5 /* Products */;
			projectDirPath = "";
			projectRoot = "";
			targets = (
				77B19ED516604FB30098DAC5 /* code */,
				77B19EF616604FB40098DAC5 /* codeTests */,
			);
		};
/* End PBXProject section */

/* Begin PBXResourcesBuildPhase section */
		77B19ED416604FB30098DAC5 /* Resources */ = {
			isa = PBXResourcesBuildPhase;
			buildActionMask = 2147483647;
			files = (
				77B19EE516604FB30098DAC5 /* InfoPlist.strings in Resources */,
				77B19EED16604FB30098DAC5 /* Default.png in Resources */,
				77B19EEF16604FB30098DAC5 /* Default@2x.png in Resources */,
				77B19EF116604FB30098DAC5 /* Default-568h@2x.png in Resources */,
			);
			runOnlyForDeploymentPostprocessing = 0;
		};
		77B19EF416604FB40098DAC5 /* Resources */ = {
			isa = PBXResourcesBuildPhase;
			buildActionMask = 2147483647;
			files = (
				77B19F0316604FB40098DAC5 /* InfoPlist.strings in Resources */,
			);
			runOnlyForDeploymentPostprocessing = 0;
		};
/* End PBXResourcesBuildPhase section */

/* Begin PBXShellScriptBuildPhase section */
		77B19EF516604FB40098DAC5 /* ShellScript */ = {
			isa = PBXShellScriptBuildPhase;
			buildActionMask = 2147483647;
			files = (
			);
			inputPaths = (
			);
			outputPaths = (
			);
			runOnlyForDeploymentPostprocessing = 0;
			shellPath = /bin/sh;
			shellScript = "# Run the unit tests in this test bundle.\n\"${SYSTEM_DEVELOPER_DIR}/Tools/RunUnitTests\"\n";
		};
/* End PBXShellScriptBuildPhase section */

/* Begin PBXSourcesBuildPhase section */
		77B19ED216604FB30098DAC5 /* Sources */ = {
			isa = PBXSourcesBuildPhase;
			buildActionMask = 2147483647;
			files = (
				77B19EE716604FB30098DAC5 /* main.m in Sources */,
				77B19EEB16604FB30098DAC5 /* AppDelegate.m in Sources */,
				B4B0D5962C0B80F0010BD249 /* Vehicle.m in Sources */,
				B4B0D5A2D1A50706C333174D /* Mercedes.m in Sources */,
				B4B0D164D4657E68414E6282 /* Speedboat.m in Sources */,
				B4B0DE879AC30F93189A539F /* HasWheelsMatcher.m in Sources */,
				B4B0D58A6E515D12D57F5F94 /* TheMatcher.m in Sources */,
			);
			runOnlyForDeploymentPostprocessing = 0;
		};
		77B19EF216604FB40098DAC5 /* Sources */ = {
			isa = PBXSourcesBuildPhase;
			buildActionMask = 2147483647;
			files = (
				77B19F0616604FB40098DAC5 /* ShowMeHamcrest.m in Sources */,
				B4B0D6129428319229F3E975 /* ShowMeMockito.m in Sources */,
				B4B0DB7B67A34C4986403F43 /* TheMatcher.m in Sources */,
			);
			runOnlyForDeploymentPostprocessing = 0;
		};
/* End PBXSourcesBuildPhase section */

/* Begin PBXTargetDependency section */
		77B19EFD16604FB40098DAC5 /* PBXTargetDependency */ = {
			isa = PBXTargetDependency;
			target = 77B19ED516604FB30098DAC5 /* code */;
			targetProxy = 77B19EFC16604FB40098DAC5 /* PBXContainerItemProxy */;
		};
/* End PBXTargetDependency section */

/* Begin PBXVariantGroup section */
		77B19EE316604FB30098DAC5 /* InfoPlist.strings */ = {
			isa = PBXVariantGroup;
			children = (
				77B19EE416604FB30098DAC5 /* en */,
			);
			name = InfoPlist.strings;
			sourceTree = "<group>";
		};
		77B19F0116604FB40098DAC5 /* InfoPlist.strings */ = {
			isa = PBXVariantGroup;
			children = (
				77B19F0216604FB40098DAC5 /* en */,
			);
			name = InfoPlist.strings;
			sourceTree = "<group>";
		};
/* End PBXVariantGroup section */

/* Begin XCBuildConfiguration section */
		77B19F0716604FB40098DAC5 /* Debug */ = {
			isa = XCBuildConfiguration;
			buildSettings = {
				ALWAYS_SEARCH_USER_PATHS = NO;
				CLANG_CXX_LANGUAGE_STANDARD = "gnu++0x";
				CLANG_CXX_LIBRARY = "libc++";
				CLANG_ENABLE_OBJC_ARC = YES;
				CLANG_WARN_EMPTY_BODY = YES;
				CLANG_WARN__DUPLICATE_METHOD_MATCH = YES;
				"CODE_SIGN_IDENTITY[sdk=iphoneos*]" = "iPhone Developer";
				COPY_PHASE_STRIP = NO;
				GCC_C_LANGUAGE_STANDARD = gnu99;
				GCC_DYNAMIC_NO_PIC = NO;
				GCC_OPTIMIZATION_LEVEL = 0;
				GCC_PREPROCESSOR_DEFINITIONS = (
					"DEBUG=1",
					"$(inherited)",
				);
				GCC_SYMBOLS_PRIVATE_EXTERN = NO;
				GCC_WARN_ABOUT_RETURN_TYPE = YES;
				GCC_WARN_UNINITIALIZED_AUTOS = YES;
				GCC_WARN_UNUSED_VARIABLE = YES;
				IPHONEOS_DEPLOYMENT_TARGET = 6.0;
				ONLY_ACTIVE_ARCH = YES;
				SDKROOT = iphoneos;
				TARGETED_DEVICE_FAMILY = "1,2";
			};
			name = Debug;
		};
		77B19F0816604FB40098DAC5 /* Release */ = {
			isa = XCBuildConfiguration;
			buildSettings = {
				ALWAYS_SEARCH_USER_PATHS = NO;
				CLANG_CXX_LANGUAGE_STANDARD = "gnu++0x";
				CLANG_CXX_LIBRARY = "libc++";
				CLANG_ENABLE_OBJC_ARC = YES;
				CLANG_WARN_EMPTY_BODY = YES;
				CLANG_WARN__DUPLICATE_METHOD_MATCH = YES;
				"CODE_SIGN_IDENTITY[sdk=iphoneos*]" = "iPhone Developer";
				COPY_PHASE_STRIP = YES;
				GCC_C_LANGUAGE_STANDARD = gnu99;
				GCC_WARN_ABOUT_RETURN_TYPE = YES;
				GCC_WARN_UNINITIALIZED_AUTOS = YES;
				GCC_WARN_UNUSED_VARIABLE = YES;
				IPHONEOS_DEPLOYMENT_TARGET = 6.0;
				OTHER_CFLAGS = "-DNS_BLOCK_ASSERTIONS=1";
				SDKROOT = iphoneos;
				TARGETED_DEVICE_FAMILY = "1,2";
				VALIDATE_PRODUCT = YES;
			};
			name = Release;
		};
		77B19F0A16604FB40098DAC5 /* Debug */ = {
			isa = XCBuildConfiguration;
			buildSettings = {
				FRAMEWORK_SEARCH_PATHS = (
					"$(inherited)",
					"\"$(SRCROOT)/../../../../../Downloads/OCHamcrest-1.8\"",
				);
				GCC_PRECOMPILE_PREFIX_HEADER = YES;
				GCC_PREFIX_HEADER = "code/code-Prefix.pch";
				INFOPLIST_FILE = "code/code-Info.plist";
				PRODUCT_NAME = "$(TARGET_NAME)";
				WRAPPER_EXTENSION = app;
			};
			name = Debug;
		};
		77B19F0B16604FB40098DAC5 /* Release */ = {
			isa = XCBuildConfiguration;
			buildSettings = {
				FRAMEWORK_SEARCH_PATHS = (
					"$(inherited)",
					"\"$(SRCROOT)/../../../../../Downloads/OCHamcrest-1.8\"",
				);
				GCC_PRECOMPILE_PREFIX_HEADER = YES;
				GCC_PREFIX_HEADER = "code/code-Prefix.pch";
				INFOPLIST_FILE = "code/code-Info.plist";
				PRODUCT_NAME = "$(TARGET_NAME)";
				WRAPPER_EXTENSION = app;
			};
			name = Release;
		};
		77B19F0D16604FB40098DAC5 /* Debug */ = {
			isa = XCBuildConfiguration;
			buildSettings = {
				BUNDLE_LOADER = "$(BUILT_PRODUCTS_DIR)/code.app/code";
				FRAMEWORK_SEARCH_PATHS = (
					"\"$(SDKROOT)/Developer/Library/Frameworks\"",
					"\"$(DEVELOPER_LIBRARY_DIR)/Frameworks\"",
					"\"$(SRCROOT)/../../../../../Downloads/OCHamcrest-1.8\"",
					"\"$(SRCROOT)/../../../../../Downloads/OCMockito-0.23\"",
				);
				GCC_PRECOMPILE_PREFIX_HEADER = YES;
				GCC_PREFIX_HEADER = "code/code-Prefix.pch";
				INFOPLIST_FILE = "codeTests/codeTests-Info.plist";
				PRODUCT_NAME = "$(TARGET_NAME)";
				TEST_HOST = "$(BUNDLE_LOADER)";
				USER_HEADER_SEARCH_PATHS = "\"${PROJECT_DIR}/Externals/OCHamcrest/Source\"/**";
				WRAPPER_EXTENSION = octest;
			};
			name = Debug;
		};
		77B19F0E16604FB40098DAC5 /* Release */ = {
			isa = XCBuildConfiguration;
			buildSettings = {
				BUNDLE_LOADER = "$(BUILT_PRODUCTS_DIR)/code.app/code";
				FRAMEWORK_SEARCH_PATHS = (
					"\"$(SDKROOT)/Developer/Library/Frameworks\"",
					"\"$(DEVELOPER_LIBRARY_DIR)/Frameworks\"",
					"\"$(SRCROOT)/../../../../../Downloads/OCHamcrest-1.8\"",
					"\"$(SRCROOT)/../../../../../Downloads/OCMockito-0.23\"",
				);
				GCC_PRECOMPILE_PREFIX_HEADER = YES;
				GCC_PREFIX_HEADER = "code/code-Prefix.pch";
				INFOPLIST_FILE = "codeTests/codeTests-Info.plist";
				PRODUCT_NAME = "$(TARGET_NAME)";
				TEST_HOST = "$(BUNDLE_LOADER)";
				USER_HEADER_SEARCH_PATHS = "\"${PROJECT_DIR}/Externals/OCHamcrest/Source\"/**";
				WRAPPER_EXTENSION = octest;
			};
			name = Release;
		};
/* End XCBuildConfiguration section */

/* Begin XCConfigurationList section */
		77B19ED016604FB30098DAC5 /* Build configuration list for PBXProject "code" */ = {
			isa = XCConfigurationList;
			buildConfigurations = (
				77B19F0716604FB40098DAC5 /* Debug */,
				77B19F0816604FB40098DAC5 /* Release */,
			);
			defaultConfigurationIsVisible = 0;
			defaultConfigurationName = Release;
		};
		77B19F0916604FB40098DAC5 /* Build configuration list for PBXNativeTarget "code" */ = {
			isa = XCConfigurationList;
			buildConfigurations = (
				77B19F0A16604FB40098DAC5 /* Debug */,
				77B19F0B16604FB40098DAC5 /* Release */,
			);
			defaultConfigurationIsVisible = 0;
			defaultConfigurationName = Release;
		};
		77B19F0C16604FB40098DAC5 /* Build configuration list for PBXNativeTarget "codeTests" */ = {
			isa = XCConfigurationList;
			buildConfigurations = (
				77B19F0D16604FB40098DAC5 /* Debug */,
				77B19F0E16604FB40098DAC5 /* Release */,
			);
			defaultConfigurationIsVisible = 0;
			defaultConfigurationName = Release;
		};
/* End XCConfigurationList section */
	};
	rootObject = 77B19ECD16604FB30098DAC5 /* Project object */;
}
